lockfileVersion: '9.0'

settings:
  autoInstallPeers: true
  excludeLinksFromLockfile: false

importers:

  .:
    dependencies:
      '@material/mwc-tab':
        specifier: ^0.27.0
        version: 0.27.0
      '@material/mwc-tab-bar':
        specifier: ^0.27.0
        version: 0.27.0
      custom-card-helpers:
        specifier: ^1.9.0
        version: 1.9.0
      lit:
        specifier: ^2.6.1
        version: 2.8.0
    devDependencies:
      '@types/node':
        specifier: ^18.11.18
        version: 18.19.96
      typescript:
        specifier: ^4.9.4
        version: 4.9.5
      vite:
        specifier: ^4.0.4
        version: 4.5.14(@types/node@18.19.96)

packages:

  '@esbuild/android-arm64@0.18.20':
    resolution: {integrity: sha512-Nz4rJcchGDtENV0eMKUNa6L12zz2zBDXuhj/Vjh18zGqB44Bi7MBMSXjgunJgjRhCmKOjnPuZp4Mb6OKqtMHLQ==}
    engines: {node: '>=12'}
    cpu: [arm64]
    os: [android]

  '@esbuild/android-arm@0.18.20':
    resolution: {integrity: sha512-fyi7TDI/ijKKNZTUJAQqiG5T7YjJXgnzkURqmGj13C6dCqckZBLdl4h7bkhHt/t0WP+zO9/zwroDvANaOqO5Sw==}
    engines: {node: '>=12'}
    cpu: [arm]
    os: [android]

  '@esbuild/android-x64@0.18.20':
    resolution: {integrity: sha512-8GDdlePJA8D6zlZYJV/jnrRAi6rOiNaCC/JclcXpB+KIuvfBN4owLtgzY2bsxnx666XjJx2kDPUmnTtR8qKQUg==}
    engines: {node: '>=12'}
    cpu: [x64]
    os: [android]

  '@esbuild/darwin-arm64@0.18.20':
    resolution: {integrity: sha512-bxRHW5kHU38zS2lPTPOyuyTm+S+eobPUnTNkdJEfAddYgEcll4xkT8DB9d2008DtTbl7uJag2HuE5NZAZgnNEA==}
    engines: {node: '>=12'}
    cpu: [arm64]
    os: [darwin]

  '@esbuild/darwin-x64@0.18.20':
    resolution: {integrity: sha512-pc5gxlMDxzm513qPGbCbDukOdsGtKhfxD1zJKXjCCcU7ju50O7MeAZ8c4krSJcOIJGFR+qx21yMMVYwiQvyTyQ==}
    engines: {node: '>=12'}
    cpu: [x64]
    os: [darwin]

  '@esbuild/freebsd-arm64@0.18.20':
    resolution: {integrity: sha512-yqDQHy4QHevpMAaxhhIwYPMv1NECwOvIpGCZkECn8w2WFHXjEwrBn3CeNIYsibZ/iZEUemj++M26W3cNR5h+Tw==}
    engines: {node: '>=12'}
    cpu: [arm64]
    os: [freebsd]

  '@esbuild/freebsd-x64@0.18.20':
    resolution: {integrity: sha512-tgWRPPuQsd3RmBZwarGVHZQvtzfEBOreNuxEMKFcd5DaDn2PbBxfwLcj4+aenoh7ctXcbXmOQIn8HI6mCSw5MQ==}
    engines: {node: '>=12'}
    cpu: [x64]
    os: [freebsd]

  '@esbuild/linux-arm64@0.18.20':
    resolution: {integrity: sha512-2YbscF+UL7SQAVIpnWvYwM+3LskyDmPhe31pE7/aoTMFKKzIc9lLbyGUpmmb8a8AixOL61sQ/mFh3jEjHYFvdA==}
    engines: {node: '>=12'}
    cpu: [arm64]
    os: [linux]

  '@esbuild/linux-arm@0.18.20':
    resolution: {integrity: sha512-/5bHkMWnq1EgKr1V+Ybz3s1hWXok7mDFUMQ4cG10AfW3wL02PSZi5kFpYKrptDsgb2WAJIvRcDm+qIvXf/apvg==}
    engines: {node: '>=12'}
    cpu: [arm]
    os: [linux]

  '@esbuild/linux-ia32@0.18.20':
    resolution: {integrity: sha512-P4etWwq6IsReT0E1KHU40bOnzMHoH73aXp96Fs8TIT6z9Hu8G6+0SHSw9i2isWrD2nbx2qo5yUqACgdfVGx7TA==}
    engines: {node: '>=12'}
    cpu: [ia32]
    os: [linux]

  '@esbuild/linux-loong64@0.18.20':
    resolution: {integrity: sha512-nXW8nqBTrOpDLPgPY9uV+/1DjxoQ7DoB2N8eocyq8I9XuqJ7BiAMDMf9n1xZM9TgW0J8zrquIb/A7s3BJv7rjg==}
    engines: {node: '>=12'}
    cpu: [loong64]
    os: [linux]

  '@esbuild/linux-mips64el@0.18.20':
    resolution: {integrity: sha512-d5NeaXZcHp8PzYy5VnXV3VSd2D328Zb+9dEq5HE6bw6+N86JVPExrA6O68OPwobntbNJ0pzCpUFZTo3w0GyetQ==}
    engines: {node: '>=12'}
    cpu: [mips64el]
    os: [linux]

  '@esbuild/linux-ppc64@0.18.20':
    resolution: {integrity: sha512-WHPyeScRNcmANnLQkq6AfyXRFr5D6N2sKgkFo2FqguP44Nw2eyDlbTdZwd9GYk98DZG9QItIiTlFLHJHjxP3FA==}
    engines: {node: '>=12'}
    cpu: [ppc64]
    os: [linux]

  '@esbuild/linux-riscv64@0.18.20':
    resolution: {integrity: sha512-WSxo6h5ecI5XH34KC7w5veNnKkju3zBRLEQNY7mv5mtBmrP/MjNBCAlsM2u5hDBlS3NGcTQpoBvRzqBcRtpq1A==}
    engines: {node: '>=12'}
    cpu: [riscv64]
    os: [linux]

  '@esbuild/linux-s390x@0.18.20':
    resolution: {integrity: sha512-+8231GMs3mAEth6Ja1iK0a1sQ3ohfcpzpRLH8uuc5/KVDFneH6jtAJLFGafpzpMRO6DzJ6AvXKze9LfFMrIHVQ==}
    engines: {node: '>=12'}
    cpu: [s390x]
    os: [linux]

  '@esbuild/linux-x64@0.18.20':
    resolution: {integrity: sha512-UYqiqemphJcNsFEskc73jQ7B9jgwjWrSayxawS6UVFZGWrAAtkzjxSqnoclCXxWtfwLdzU+vTpcNYhpn43uP1w==}
    engines: {node: '>=12'}
    cpu: [x64]
    os: [linux]

  '@esbuild/netbsd-x64@0.18.20':
    resolution: {integrity: sha512-iO1c++VP6xUBUmltHZoMtCUdPlnPGdBom6IrO4gyKPFFVBKioIImVooR5I83nTew5UOYrk3gIJhbZh8X44y06A==}
    engines: {node: '>=12'}
    cpu: [x64]
    os: [netbsd]

  '@esbuild/openbsd-x64@0.18.20':
    resolution: {integrity: sha512-e5e4YSsuQfX4cxcygw/UCPIEP6wbIL+se3sxPdCiMbFLBWu0eiZOJ7WoD+ptCLrmjZBK1Wk7I6D/I3NglUGOxg==}
    engines: {node: '>=12'}
    cpu: [x64]
    os: [openbsd]

  '@esbuild/sunos-x64@0.18.20':
    resolution: {integrity: sha512-kDbFRFp0YpTQVVrqUd5FTYmWo45zGaXe0X8E1G/LKFC0v8x0vWrhOWSLITcCn63lmZIxfOMXtCfti/RxN/0wnQ==}
    engines: {node: '>=12'}
    cpu: [x64]
    os: [sunos]

  '@esbuild/win32-arm64@0.18.20':
    resolution: {integrity: sha512-ddYFR6ItYgoaq4v4JmQQaAI5s7npztfV4Ag6NrhiaW0RrnOXqBkgwZLofVTlq1daVTQNhtI5oieTvkRPfZrePg==}
    engines: {node: '>=12'}
    cpu: [arm64]
    os: [win32]

  '@esbuild/win32-ia32@0.18.20':
    resolution: {integrity: sha512-Wv7QBi3ID/rROT08SABTS7eV4hX26sVduqDOTe1MvGMjNd3EjOz4b7zeexIR62GTIEKrfJXKL9LFxTYgkyeu7g==}
    engines: {node: '>=12'}
    cpu: [ia32]
    os: [win32]

  '@esbuild/win32-x64@0.18.20':
    resolution: {integrity: sha512-kTdfRcSiDfQca/y9QIkng02avJ+NCaQvrMejlsB3RRv5sE9rRoeBPISaZpKxHELzRxZyLvNts1P27W3wV+8geQ==}
    engines: {node: '>=12'}
    cpu: [x64]
    os: [win32]

  '@formatjs/ecma402-abstract@1.11.4':
    resolution: {integrity: sha512-EBikYFp2JCdIfGEb5G9dyCkTGDmC57KSHhRQOC3aYxoPWVZvfWCDjZwkGYHN7Lis/fmuWl906bnNTJifDQ3sXw==}

  '@formatjs/fast-memoize@1.2.1':
    resolution: {integrity: sha512-Rg0e76nomkz3vF9IPlKeV+Qynok0r7YZjL6syLz4/urSg0IbjPZCB/iYUMNsYA643gh4mgrX3T7KEIFIxJBQeg==}

  '@formatjs/icu-messageformat-parser@2.1.0':
    resolution: {integrity: sha512-Qxv/lmCN6hKpBSss2uQ8IROVnta2r9jd3ymUEIjm2UyIkUCHVcbUVRGL/KS/wv7876edvsPe+hjHVJ4z8YuVaw==}

  '@formatjs/icu-skeleton-parser@1.3.6':
    resolution: {integrity: sha512-I96mOxvml/YLrwU2Txnd4klA7V8fRhb6JG/4hm3VMNmeJo1F03IpV2L3wWt7EweqNLES59SZ4d6hVOPCSf80Bg==}

  '@formatjs/intl-localematcher@0.2.25':
    resolution: {integrity: sha512-YmLcX70BxoSopLFdLr1Ds99NdlTI2oWoLbaUW2M406lxOIPzE1KQhRz2fPUkq34xVZQaihCoU29h0KK7An3bhA==}

  '@formatjs/intl-utils@3.8.4':
    resolution: {integrity: sha512-j5C6NyfKevIxsfLK8KwO1C0vvP7k1+h4A9cFpc+cr6mEwCc1sPkr17dzh0Ke6k9U5pQccAQoXdcNBl3IYa4+ZQ==}
    deprecated: the package is rather renamed to @formatjs/ecma-abstract with some changes in functionality (primarily selectUnit is removed and we don't plan to make any further changes to this package

  '@lit-labs/ssr-dom-shim@1.3.0':
    resolution: {integrity: sha512-nQIWonJ6eFAvUUrSlwyHDm/aE8PBDu5kRpL0vHMg6K8fK3Diq1xdPjTnsJSwxABhaZ+5eBi1btQB5ShUTKo4nQ==}

  '@lit/reactive-element@1.6.3':
    resolution: {integrity: sha512-QuTgnG52Poic7uM1AN5yJ09QMe0O28e10XzSvWDz02TJiiKee4stsiownEIadWm8nYzyDAyT+gKzUoZmiWQtsQ==}

  '@material/animation@14.0.0-canary.53b3cad2f.0':
    resolution: {integrity: sha512-GBuR4VmcTQW1D0lPXEosf5Giho72LLbyGIydWGtaEUtLJoive/D9kFkwTN4Fsyt9Kkl7hbhs35vrNe6QkAH4/Q==}

  '@material/base@14.0.0-canary.53b3cad2f.0':
    resolution: {integrity: sha512-UJKbXwZtkrA3sfQDmj8Zbw1Q3Tqtl6KdfVFws95Yf7TCUgTFzbZI/FSx1w7dVugQPOEnIBuZnzqZam/MtHkx4w==}

  '@material/density@14.0.0-canary.53b3cad2f.0':
    resolution: {integrity: sha512-Eh/vZ3vVyqtpylg5Ci33qlgtToS4H1/ppd450Ib3tcdISIoodgijYY0w4XsRvrnZgbI/h/1STFdLxdzS0UNuFw==}

  '@material/dom@14.0.0-canary.53b3cad2f.0':
    resolution: {integrity: sha512-aR+rfncF6oi2ivdOlKSJI4UXwNzWV5rXM88MLDoSJF1D7lXxhAKhge+tMUBodWGV/q0+FnXLuVAa0WYTrKjo+A==}

  '@material/elevation@14.0.0-canary.53b3cad2f.0':
    resolution: {integrity: sha512-3h+EkR588RMZ5TSNQ4UeXD1FOBnL3ABQix0DQIGwtNJCqSMoPndT/oJEFvwQbTkZNDbFIKN9p1Q7/KuFPVY8Pw==}

  '@material/feature-targeting@14.0.0-canary.53b3cad2f.0':
    resolution: {integrity: sha512-fn7Af3PRyARtNeYqtjxXmE3Y/dCpnpQVWWys57MqiGR/nvc6qpgOfJ6rOdcu/MrOysOE/oebTUDmDnTmwpe9Hw==}

  '@material/focus-ring@14.0.0-canary.53b3cad2f.0':
    resolution: {integrity: sha512-exPX5VrjQimipBwgcFDGRiEE783sOBgpkFui59A6i6iGvS2UrLHlYY2E65fyyyQnD1f/rv4Po1OOnCesE1kulg==}

  '@material/mwc-base@0.27.0':
    resolution: {integrity: sha512-oCWWtjbyQ52AaUbzINLGBKScIPyqhps2Y7c8t6Gu6fcFeDxhKXMV1Cqvtj/OMhtAt53XjHfD2XruWwYv3cYYUA==}
    deprecated: MWC beta is longer supported. Please upgrade to @material/web

  '@material/mwc-ripple@0.27.0':
    resolution: {integrity: sha512-by0O8d8g3Rd96/sUB8hxy6MrDx1QTstqOsA64vqypWd526hMTBGRik08jTNap5sVIyrN9Vq17jb4NJLWQLnNHQ==}
    deprecated: MWC beta is longer supported. Please upgrade to @material/web

  '@material/mwc-tab-bar@0.27.0':
    resolution: {integrity: sha512-CqRZ38m8kOfSJo87Ek61eubO8AGR10Dp12c3pCyyy6mtK/0FSY+rfcmnMPxEzkxREqUnQPgw9lhqmGZXBSqzZQ==}
    deprecated: MWC beta is longer supported. Please upgrade to @material/web

  '@material/mwc-tab-indicator@0.27.0':
    resolution: {integrity: sha512-bdE5mYP2ze/8d8cGTTJUS0+ByzEK5tmWsXfphFr/Dyy9b+gOnIOt1iX8tmKTOpbYKsV43LxtSkumhTTPDXEJLg==}
    deprecated: MWC beta is longer supported. Please upgrade to @material/web

  '@material/mwc-tab-scroller@0.27.0':
    resolution: {integrity: sha512-WL/CYVx1cHjC1a/STIB/BaBfxGz3Rz4szNNX35FkYzm6GSGxUNkXZfKOAK7R8RdZOAETa8Gy5tTEhKZKKJ/aUA==}
    deprecated: MWC beta is longer supported. Please upgrade to @material/web

  '@material/mwc-tab@0.27.0':
    resolution: {integrity: sha512-BhX6hZYjPL+d3Gcl6rVHNPiEAudgMHA+7mHo2keqbIiFRLKa2CU+omHZO/82+EBan/TPL6ZK39Oki8aIaAJcRQ==}
    deprecated: MWC beta is longer supported. Please upgrade to @material/web

  '@material/ripple@14.0.0-canary.53b3cad2f.0':
    resolution: {integrity: sha512-6g2G62vd8DsMuIUSXlRrzb98qkZ4o8ZREknNwNP2zaLQEOkJ//4j9HaqDt98/3LIjUTY9UIVFTQENiMmlwKHYQ==}

  '@material/rtl@14.0.0-canary.53b3cad2f.0':
    resolution: {integrity: sha512-f08LT0HSa0WYU+4Jz/tbm1TQ9Fcf2k+H6dPPYv0J1sZmX6hMgCEmNiUdUFLQFvszoXx2XrRi1/hIFjbz2e69Yg==}

  '@material/tab-bar@14.0.0-canary.53b3cad2f.0':
    resolution: {integrity: sha512-qLTxl0SWwSpsWBV5o7fMO4HaA3NSCTroM+qkUJYNq7lumMXxax8XP6+GvgbXXfsF1K6VqwSPJHnFt5g1kvtBOA==}

  '@material/tab-indicator@14.0.0-canary.53b3cad2f.0':
    resolution: {integrity: sha512-CMh5MuQamk10oYs0NpQwJ+JLPcY+WftU1b2NpAxbke+6yaV0XrcEkymSfHDkMB5itDvtpXR4fe2Yw9wO8gvcgg==}

  '@material/tab-scroller@14.0.0-canary.53b3cad2f.0':
    resolution: {integrity: sha512-eJJWfNDSdjrRVNHkSecblN26PtM8rTeK2FqcZh3iCYRZ74ywhKmHF+elrM2KRH8ez+u/YcZoQacgS8rX3v6ygw==}

  '@material/tab@14.0.0-canary.53b3cad2f.0':
    resolution: {integrity: sha512-Vmjugm9TBF906pNE2kORSDcMUYXQXV+uspFdbyoSH3hVOTjX+Bw+ODL9agW+pDsJRqGMLO/BAoZ0YQDCrCNX/A==}

  '@material/theme@14.0.0-canary.53b3cad2f.0':
    resolution: {integrity: sha512-S06XAevDCDWMe+GgsEpITMS07imUidzadNaTbJsqssFajBLr53QWVZsG84BpjXKXoYvyEJvb0hX5U0lq6ip9UQ==}

  '@material/typography@14.0.0-canary.53b3cad2f.0':
    resolution: {integrity: sha512-9J0k2fq7uyHsRzRqJDJLGmg3YzRpfRPtFDVeUH/xBcYoqpZE7wYw5Mb7s/l8eP626EtR7HhXhSPjvRTLA6NIJg==}

  '@types/node@18.19.96':
    resolution: {integrity: sha512-PzBvgsZ7YdFs/Kng1BSW8IGv68/SPcOxYYhT7luxD7QyzIhFS1xPTpfK3K9eHBa7hVwlW+z8nN0mOd515yaduQ==}

  '@types/trusted-types@2.0.7':
    resolution: {integrity: sha512-ScaPdn1dQczgbl0QFTeTOmVHFULt394XJgOQNoyVhZ6r2vLnMLJfBPd53SB52T/3G36VI1/g2MZaX0cwDuXsfw==}

  custom-card-helpers@1.9.0:
    resolution: {integrity: sha512-5IW4OXq3MiiCqDvqeu+MYsM1NmntKW1WfJhyJFsdP2tbzqEI4BOnqRz2qzdp08lE4QLVhYfRLwe0WAqgQVNeFg==}

  emojis-list@3.0.0:
    resolution: {integrity: sha512-/kyM18EfinwXZbno9FyUGeFh87KC8HRQBQGildHZbEuRyWFOmv1U10o9BBp8XVZDVNNuQKyIGIu5ZYAAXJ0V2Q==}
    engines: {node: '>= 4'}

  esbuild@0.18.20:
    resolution: {integrity: sha512-ceqxoedUrcayh7Y7ZX6NdbbDzGROiyVBgC4PriJThBKSVPWnnFHZAkfI1lJT8QFkOwH4qOS2SJkS4wvpGl8BpA==}
    engines: {node: '>=12'}
    hasBin: true

  fsevents@2.3.3:
    resolution: {integrity: sha512-5xoDfX+fL7faATnagmWPpbFtwh/R77WmMMqqHGS65C3vvB0YHrgF+B1YmZ3441tMj5n63k0212XNoJwzlhffQw==}
    engines: {node: ^8.16.0 || ^10.6.0 || >=11.0.0}
    os: [darwin]

  home-assistant-js-websocket@6.1.1:
    resolution: {integrity: sha512-TnZFzF4mn5F/v0XKUTK2GMQXrn/+eQpgaSDSELl6U0HSwSbFwRhGWLz330YT+hiKMspDflamsye//RPL+zwhDw==}

  intl-messageformat@9.13.0:
    resolution: {integrity: sha512-7sGC7QnSQGa5LZP7bXLDhVDtQOeKGeBFGHF2Y8LVBwYZoQZCgWeKoPGTa5GMG8g/TzDgeXuYJQis7Ggiw2xTOw==}

  lit-element@3.3.3:
    resolution: {integrity: sha512-XbeRxmTHubXENkV4h8RIPyr8lXc+Ff28rkcQzw3G6up2xg5E8Zu1IgOWIwBLEQsu3cOVFqdYwiVi0hv0SlpqUA==}

  lit-html@2.8.0:
    resolution: {integrity: sha512-o9t+MQM3P4y7M7yNzqAyjp7z+mQGa4NS4CxiyLqFPyFWyc4O+nodLrkrxSaCTrla6M5YOLaT3RpbbqjszB5g3Q==}

  lit@2.8.0:
    resolution: {integrity: sha512-4Sc3OFX9QHOJaHbmTMk28SYgVxLN3ePDjg7hofEft2zWlehFL3LiAuapWc4U/kYwMYJSh2hTCPZ6/LIC7ii0MA==}

  nanoid@3.3.11:
    resolution: {integrity: sha512-N8SpfPUnUp1bK+PMYW8qSWdl9U+wwNWI4QKxOYDy9JAro3WMX7p2OeVRF9v+347pnakNevPmiHhNmZ2HbFA76w==}
    engines: {node: ^10 || ^12 || ^13.7 || ^14 || >=15.0.1}
    hasBin: true

  picocolors@1.1.1:
    resolution: {integrity: sha512-xceH2snhtb5M9liqDsmEw56le376mTZkEX/jEb/RxNFyegNul7eNslCXP9FDj/Lcu0X8KEyMceP2ntpaHrDEVA==}

  postcss@8.5.3:
    resolution: {integrity: sha512-dle9A3yYxlBSrt8Fu+IpjGT8SY8hN0mlaA6GY8t0P5PjIOZemULz/E2Bnm/2dcUOena75OTNkHI76uZBNUUq3A==}
    engines: {node: ^10 || ^12 || >=14}

  rollup@2.79.2:
    resolution: {integrity: sha512-fS6iqSPZDs3dr/y7Od6y5nha8dW1YnbgtsyotCVvoFGKbERG++CVRFv1meyGDE1SNItQA8BrnCw7ScdAhRJ3XQ==}
    engines: {node: '>=10.0.0'}
    hasBin: true

  rollup@3.29.5:
    resolution: {integrity: sha512-GVsDdsbJzzy4S/v3dqWPJ7EfvZJfCHiDqe80IyrF59LYuP+e6U1LJoUqeuqRbwAWoMNoXivMNeNAOf5E22VA1w==}
    engines: {node: '>=14.18.0', npm: '>=8.0.0'}
    hasBin: true

  source-map-js@1.2.1:
    resolution: {integrity: sha512-UXWMKhLOwVKb728IUtQPXxfYU+usdybtUrK/8uGE8CQMvrhOpwvzDBwj0QhSL7MQc7vIsISBG8VQ8+IDQxpfQA==}
    engines: {node: '>=0.10.0'}

  superstruct@0.15.5:
    resolution: {integrity: sha512-4AOeU+P5UuE/4nOUkmcQdW5y7i9ndt1cQd/3iUe+LTz3RxESf/W/5lg4B74HbDMMv8PHnPnGCQFH45kBcrQYoQ==}

  tslib@2.8.1:
    resolution: {integrity: sha512-oJFu94HQb+KVduSUQL7wnpmqnfmLsOA/nAh6b6EH0wCEoK0/mPeXU6c3wKDV83MkOuHPRHtSXKKU99IBazS/2w==}

  typescript@4.9.5:
    resolution: {integrity: sha512-1FXk9E2Hm+QzZQ7z+McJiHL4NW1F2EzMu9Nq9i3zAaGqibafqYwCVU6WyWAuyQRRzOlxou8xZSyXLEN8oKj24g==}
    engines: {node: '>=4.2.0'}
    hasBin: true

  undici-types@5.26.5:
    resolution: {integrity: sha512-JlCMO+ehdEIKqlFxk6IfVoAUVmgz7cU7zD/h9XZ0qzeosSHmUJVOzSQvvYSYWXkFXC+IfLKSIffhv0sVZup6pA==}

  vite@4.5.14:
    resolution: {integrity: sha512-+v57oAaoYNnO3hIu5Z/tJRZjq5aHM2zDve9YZ8HngVHbhk66RStobhb1sqPMIPEleV6cNKYK4eGrAbE9Ulbl2g==}
    engines: {node: ^14.18.0 || >=16.0.0}
    hasBin: true
    peerDependencies:
      '@types/node': '>= 14'
      less: '*'
      lightningcss: ^1.21.0
      sass: '*'
      stylus: '*'
      sugarss: '*'
      terser: ^5.4.0
    peerDependenciesMeta:
      '@types/node':
        optional: true
      less:
        optional: true
      lightningcss:
        optional: true
      sass:
        optional: true
      stylus:
        optional: true
      sugarss:
        optional: true
      terser:
        optional: true

snapshots:

  '@esbuild/android-arm64@0.18.20':
    optional: true

  '@esbuild/android-arm@0.18.20':
    optional: true

  '@esbuild/android-x64@0.18.20':
    optional: true

  '@esbuild/darwin-arm64@0.18.20':
    optional: true

  '@esbuild/darwin-x64@0.18.20':
    optional: true

  '@esbuild/freebsd-arm64@0.18.20':
    optional: true

  '@esbuild/freebsd-x64@0.18.20':
    optional: true

  '@esbuild/linux-arm64@0.18.20':
    optional: true

  '@esbuild/linux-arm@0.18.20':
    optional: true

  '@esbuild/linux-ia32@0.18.20':
    optional: true

  '@esbuild/linux-loong64@0.18.20':
    optional: true

  '@esbuild/linux-mips64el@0.18.20':
    optional: true

  '@esbuild/linux-ppc64@0.18.20':
    optional: true

  '@esbuild/linux-riscv64@0.18.20':
    optional: true

  '@esbuild/linux-s390x@0.18.20':
    optional: true

  '@esbuild/linux-x64@0.18.20':
    optional: true

  '@esbuild/netbsd-x64@0.18.20':
    optional: true

  '@esbuild/openbsd-x64@0.18.20':
    optional: true

  '@esbuild/sunos-x64@0.18.20':
    optional: true

  '@esbuild/win32-arm64@0.18.20':
    optional: true

  '@esbuild/win32-ia32@0.18.20':
    optional: true

  '@esbuild/win32-x64@0.18.20':
    optional: true

  '@formatjs/ecma402-abstract@1.11.4':
    dependencies:
      '@formatjs/intl-localematcher': 0.2.25
      tslib: 2.8.1

  '@formatjs/fast-memoize@1.2.1':
    dependencies:
      tslib: 2.8.1

  '@formatjs/icu-messageformat-parser@2.1.0':
    dependencies:
      '@formatjs/ecma402-abstract': 1.11.4
      '@formatjs/icu-skeleton-parser': 1.3.6
      tslib: 2.8.1

  '@formatjs/icu-skeleton-parser@1.3.6':
    dependencies:
      '@formatjs/ecma402-abstract': 1.11.4
      tslib: 2.8.1

  '@formatjs/intl-localematcher@0.2.25':
    dependencies:
      tslib: 2.8.1

  '@formatjs/intl-utils@3.8.4':
    dependencies:
      emojis-list: 3.0.0

  '@lit-labs/ssr-dom-shim@1.3.0': {}

  '@lit/reactive-element@1.6.3':
    dependencies:
      '@lit-labs/ssr-dom-shim': 1.3.0

  '@material/animation@14.0.0-canary.53b3cad2f.0':
    dependencies:
      tslib: 2.8.1

  '@material/base@14.0.0-canary.53b3cad2f.0':
    dependencies:
      tslib: 2.8.1

  '@material/density@14.0.0-canary.53b3cad2f.0':
    dependencies:
      tslib: 2.8.1

  '@material/dom@14.0.0-canary.53b3cad2f.0':
    dependencies:
      '@material/feature-targeting': 14.0.0-canary.53b3cad2f.0
      tslib: 2.8.1

  '@material/elevation@14.0.0-canary.53b3cad2f.0':
    dependencies:
      '@material/animation': 14.0.0-canary.53b3cad2f.0
      '@material/base': 14.0.0-canary.53b3cad2f.0
      '@material/feature-targeting': 14.0.0-canary.53b3cad2f.0
      '@material/rtl': 14.0.0-canary.53b3cad2f.0
      '@material/theme': 14.0.0-canary.53b3cad2f.0
      tslib: 2.8.1

  '@material/feature-targeting@14.0.0-canary.53b3cad2f.0':
    dependencies:
      tslib: 2.8.1

  '@material/focus-ring@14.0.0-canary.53b3cad2f.0':
    dependencies:
      '@material/dom': 14.0.0-canary.53b3cad2f.0
      '@material/feature-targeting': 14.0.0-canary.53b3cad2f.0
      '@material/rtl': 14.0.0-canary.53b3cad2f.0

  '@material/mwc-base@0.27.0':
    dependencies:
      '@material/base': 14.0.0-canary.53b3cad2f.0
      '@material/dom': 14.0.0-canary.53b3cad2f.0
      lit: 2.8.0
      tslib: 2.8.1

  '@material/mwc-ripple@0.27.0':
    dependencies:
      '@material/dom': 14.0.0-canary.53b3cad2f.0
      '@material/mwc-base': 0.27.0
      '@material/ripple': 14.0.0-canary.53b3cad2f.0
      lit: 2.8.0
      tslib: 2.8.1

  '@material/mwc-tab-bar@0.27.0':
    dependencies:
      '@material/mwc-base': 0.27.0
      '@material/mwc-tab': 0.27.0
      '@material/mwc-tab-scroller': 0.27.0
      '@material/tab': 14.0.0-canary.53b3cad2f.0
      '@material/tab-bar': 14.0.0-canary.53b3cad2f.0
      lit: 2.8.0
      tslib: 2.8.1

  '@material/mwc-tab-indicator@0.27.0':
    dependencies:
      '@material/mwc-base': 0.27.0
      '@material/tab-indicator': 14.0.0-canary.53b3cad2f.0
      lit: 2.8.0
      tslib: 2.8.1

  '@material/mwc-tab-scroller@0.27.0':
    dependencies:
      '@material/dom': 14.0.0-canary.53b3cad2f.0
      '@material/mwc-base': 0.27.0
      '@material/tab-scroller': 14.0.0-canary.53b3cad2f.0
      lit: 2.8.0
      tslib: 2.8.1

  '@material/mwc-tab@0.27.0':
    dependencies:
      '@material/mwc-base': 0.27.0
      '@material/mwc-ripple': 0.27.0
      '@material/mwc-tab-indicator': 0.27.0
      '@material/tab': 14.0.0-canary.53b3cad2f.0
      lit: 2.8.0
      tslib: 2.8.1

  '@material/ripple@14.0.0-canary.53b3cad2f.0':
    dependencies:
      '@material/animation': 14.0.0-canary.53b3cad2f.0
      '@material/base': 14.0.0-canary.53b3cad2f.0
      '@material/dom': 14.0.0-canary.53b3cad2f.0
      '@material/feature-targeting': 14.0.0-canary.53b3cad2f.0
      '@material/rtl': 14.0.0-canary.53b3cad2f.0
      '@material/theme': 14.0.0-canary.53b3cad2f.0
      tslib: 2.8.1

  '@material/rtl@14.0.0-canary.53b3cad2f.0':
    dependencies:
      '@material/theme': 14.0.0-canary.53b3cad2f.0
      tslib: 2.8.1

  '@material/tab-bar@14.0.0-canary.53b3cad2f.0':
    dependencies:
      '@material/animation': 14.0.0-canary.53b3cad2f.0
      '@material/base': 14.0.0-canary.53b3cad2f.0
      '@material/density': 14.0.0-canary.53b3cad2f.0
      '@material/elevation': 14.0.0-canary.53b3cad2f.0
      '@material/feature-targeting': 14.0.0-canary.53b3cad2f.0
      '@material/tab': 14.0.0-canary.53b3cad2f.0
      '@material/tab-indicator': 14.0.0-canary.53b3cad2f.0
      '@material/tab-scroller': 14.0.0-canary.53b3cad2f.0
      '@material/theme': 14.0.0-canary.53b3cad2f.0
      '@material/typography': 14.0.0-canary.53b3cad2f.0
      tslib: 2.8.1

  '@material/tab-indicator@14.0.0-canary.53b3cad2f.0':
    dependencies:
      '@material/animation': 14.0.0-canary.53b3cad2f.0
      '@material/base': 14.0.0-canary.53b3cad2f.0
      '@material/feature-targeting': 14.0.0-canary.53b3cad2f.0
      '@material/theme': 14.0.0-canary.53b3cad2f.0
      tslib: 2.8.1

  '@material/tab-scroller@14.0.0-canary.53b3cad2f.0':
    dependencies:
      '@material/animation': 14.0.0-canary.53b3cad2f.0
      '@material/base': 14.0.0-canary.53b3cad2f.0
      '@material/dom': 14.0.0-canary.53b3cad2f.0
      '@material/feature-targeting': 14.0.0-canary.53b3cad2f.0
      '@material/tab': 14.0.0-canary.53b3cad2f.0
      tslib: 2.8.1

  '@material/tab@14.0.0-canary.53b3cad2f.0':
    dependencies:
      '@material/base': 14.0.0-canary.53b3cad2f.0
      '@material/elevation': 14.0.0-canary.53b3cad2f.0
      '@material/feature-targeting': 14.0.0-canary.53b3cad2f.0
      '@material/focus-ring': 14.0.0-canary.53b3cad2f.0
      '@material/ripple': 14.0.0-canary.53b3cad2f.0
      '@material/rtl': 14.0.0-canary.53b3cad2f.0
      '@material/tab-indicator': 14.0.0-canary.53b3cad2f.0
      '@material/theme': 14.0.0-canary.53b3cad2f.0
      '@material/typography': 14.0.0-canary.53b3cad2f.0
      tslib: 2.8.1

  '@material/theme@14.0.0-canary.53b3cad2f.0':
    dependencies:
      '@material/feature-targeting': 14.0.0-canary.53b3cad2f.0
      tslib: 2.8.1

  '@material/typography@14.0.0-canary.53b3cad2f.0':
    dependencies:
      '@material/feature-targeting': 14.0.0-canary.53b3cad2f.0
      '@material/theme': 14.0.0-canary.53b3cad2f.0
      tslib: 2.8.1

  '@types/node@18.19.96':
    dependencies:
      undici-types: 5.26.5

  '@types/trusted-types@2.0.7': {}

  custom-card-helpers@1.9.0:
    dependencies:
      '@formatjs/intl-utils': 3.8.4
      home-assistant-js-websocket: 6.1.1
      intl-messageformat: 9.13.0
      lit: 2.8.0
      rollup: 2.79.2
      superstruct: 0.15.5
      typescript: 4.9.5

  emojis-list@3.0.0: {}

  esbuild@0.18.20:
    optionalDependencies:
      '@esbuild/android-arm': 0.18.20
      '@esbuild/android-arm64': 0.18.20
      '@esbuild/android-x64': 0.18.20
      '@esbuild/darwin-arm64': 0.18.20
      '@esbuild/darwin-x64': 0.18.20
      '@esbuild/freebsd-arm64': 0.18.20
      '@esbuild/freebsd-x64': 0.18.20
      '@esbuild/linux-arm': 0.18.20
      '@esbuild/linux-arm64': 0.18.20
      '@esbuild/linux-ia32': 0.18.20
      '@esbuild/linux-loong64': 0.18.20
      '@esbuild/linux-mips64el': 0.18.20
      '@esbuild/linux-ppc64': 0.18.20
      '@esbuild/linux-riscv64': 0.18.20
      '@esbuild/linux-s390x': 0.18.20
      '@esbuild/linux-x64': 0.18.20
      '@esbuild/netbsd-x64': 0.18.20
      '@esbuild/openbsd-x64': 0.18.20
      '@esbuild/sunos-x64': 0.18.20
      '@esbuild/win32-arm64': 0.18.20
      '@esbuild/win32-ia32': 0.18.20
      '@esbuild/win32-x64': 0.18.20

  fsevents@2.3.3:
    optional: true

  home-assistant-js-websocket@6.1.1: {}

  intl-messageformat@9.13.0:
    dependencies:
      '@formatjs/ecma402-abstract': 1.11.4
      '@formatjs/fast-memoize': 1.2.1
      '@formatjs/icu-messageformat-parser': 2.1.0
      tslib: 2.8.1

  lit-element@3.3.3:
    dependencies:
      '@lit-labs/ssr-dom-shim': 1.3.0
      '@lit/reactive-element': 1.6.3
      lit-html: 2.8.0

  lit-html@2.8.0:
    dependencies:
      '@types/trusted-types': 2.0.7

  lit@2.8.0:
    dependencies:
      '@lit/reactive-element': 1.6.3
      lit-element: 3.3.3
      lit-html: 2.8.0

  nanoid@3.3.11: {}

  picocolors@1.1.1: {}

  postcss@8.5.3:
    dependencies:
      nanoid: 3.3.11
      picocolors: 1.1.1
      source-map-js: 1.2.1

  rollup@2.79.2:
    optionalDependencies:
      fsevents: 2.3.3

  rollup@3.29.5:
    optionalDependencies:
      fsevents: 2.3.3

  source-map-js@1.2.1: {}

  superstruct@0.15.5: {}

  tslib@2.8.1: {}

  typescript@4.9.5: {}

  undici-types@5.26.5: {}

  vite@4.5.14(@types/node@18.19.96):
    dependencies:
      esbuild: 0.18.20
      postcss: 8.5.3
      rollup: 3.29.5
    optionalDependencies:
      '@types/node': 18.19.96
      fsevents: 2.3.3
